
Microsoft Visual Studio Solution File, Format Version 12.00
# Visual Studio 15
VisualStudioVersion = 15.0.28010.2036
MinimumVisualStudioVersion = 10.0.40219.1
Project("{FAE04EC0-301F-11D3-BF4B-00C04F79EFBC}") = "RegexAlternative", "RegexAlternative\RegexAlternative.csproj", "{D2B6D356-7FB2-42BE-A6A5-B5F0BC225D59}"
EndProject
Project("{FAE04EC0-301F-11D3-BF4B-00C04F79EFBC}") = "RegexAlternativeTests", "RegexAlternativeTests\RegexAlternativeTests.csproj", "{AC6F0F00-B591-4231-9DDC-6C3FA96AD7A8}"
EndProject
Global
	GlobalSection(SolutionConfigurationPlatforms) = preSolution
		Debug|Any CPU = Debug|Any CPU
		Release|Any CPU = Release|Any CPU
	EndGlobalSection
	GlobalSection(ProjectConfigurationPlatforms) = postSolution
		{D2B6D356-7FB2-42BE-A6A5-B5F0BC225D59}.Debug|Any CPU.ActiveCfg = Debug|Any CPU
		{D2B6D356-7FB2-42BE-A6A5-B5F0BC225D59}.Debug|Any CPU.Build.0 = Debug|Any CPU
		{D2B6D356-7FB2-42BE-A6A5-B5F0BC225D59}.Release|Any CPU.ActiveCfg = Release|Any CPU
		{D2B6D356-7FB2-42BE-A6A5-B5F0BC225D59}.Release|Any CPU.Build.0 = Release|Any CPU
		{AC6F0F00-B591-4231-9DDC-6C3FA96AD7A8}.Debug|Any CPU.ActiveCfg = Debug|Any CPU
		{AC6F0F00-B591-4231-9DDC-6C3FA96AD7A8}.Debug|Any CPU.Build.0 = Debug|Any CPU
		{AC6F0F00-B591-4231-9DDC-6C3FA96AD7A8}.Release|Any CPU.ActiveCfg = Release|Any CPU
		{AC6F0F00-B591-4231-9DDC-6C3FA96AD7A8}.Release|Any CPU.Build.0 = Release|Any CPU
	EndGlobalSection
	GlobalSection(SolutionProperties) = preSolution
		HideSolutionNode = FALSE
	EndGlobalSection
	GlobalSection(ExtensibilityGlobals) = postSolution
		SolutionGuid = {1F86F62F-0627-46DE-AD45-E1A6BB54F5E0}
	EndGlobalSection
EndGlobal
